// !$*UTF8*$!
{
	archiveVersion = 1;
	classes = {
	};
	objectVersion = 55;
	objects = {

/* Begin PBXBuildFile section */
		22401C822756A8FB000305B0 /* WeatherView.swift in Sources */ = {isa = PBXBuildFile; fileRef = 22401C812756A8FB000305B0 /* WeatherView.swift */; };
		22401C842756AB8D000305B0 /* ModelData.swift in Sources */ = {isa = PBXBuildFile; fileRef = 22401C832756AB8D000305B0 /* ModelData.swift */; };
		22401C862756ABD6000305B0 /* weatherData.json in Resources */ = {isa = PBXBuildFile; fileRef = 22401C852756ABD6000305B0 /* weatherData.json */; };
		22401C8A2756B652000305B0 /* WeatherRow.swift in Sources */ = {isa = PBXBuildFile; fileRef = 22401C892756B652000305B0 /* WeatherRow.swift */; };
		22401C8F2756C47E000305B0 /* Extensions.swift in Sources */ = {isa = PBXBuildFile; fileRef = 22401C8E2756C47E000305B0 /* Extensions.swift */; };
		22401C912756C55C000305B0 /* WelcomeView.swift in Sources */ = {isa = PBXBuildFile; fileRef = 22401C902756C55C000305B0 /* WelcomeView.swift */; };
		22401C942756C600000305B0 /* LoadingView.swift in Sources */ = {isa = PBXBuildFile; fileRef = 22401C932756C600000305B0 /* LoadingView.swift */; };
		22675A902756988100B1D8A3 /* WeatherManager.swift in Sources */ = {isa = PBXBuildFile; fileRef = 22675A8F2756988100B1D8A3 /* WeatherManager.swift */; };
		22B002CE2756862C009EF4A2 /* WeatherAppApp.swift in Sources */ = {isa = PBXBuildFile; fileRef = 22B002CD2756862C009EF4A2 /* WeatherAppApp.swift */; };
		22B002D02756862C009EF4A2 /* ContentView.swift in Sources */ = {isa = PBXBuildFile; fileRef = 22B002CF2756862C009EF4A2 /* ContentView.swift */; };
		22B002D22756862D009EF4A2 /* Assets.xcassets in Resources */ = {isa = PBXBuildFile; fileRef = 22B002D12756862D009EF4A2 /* Assets.xcassets */; };
		22B002D52756862D009EF4A2 /* Preview Assets.xcassets in Resources */ = {isa = PBXBuildFile; fileRef = 22B002D42756862D009EF4A2 /* Preview Assets.xcassets */; };
		22B002DC27568847009EF4A2 /* LocationManager.swift in Sources */ = {isa = PBXBuildFile; fileRef = 22B002DB27568847009EF4A2 /* LocationManager.swift */; };
/* End PBXBuildFile section */

/* Begin PBXFileReference section */
		22401C812756A8FB000305B0 /* WeatherView.swift */ = {isa = PBXFileReference; lastKnownFileType = sourcecode.swift; path = WeatherView.swift; sourceTree = "<group>"; };
		22401C832756AB8D000305B0 /* ModelData.swift */ = {isa = PBXFileReference; lastKnownFileType = sourcecode.swift; path = ModelData.swift; sourceTree = "<group>"; };
		22401C852756ABD6000305B0 /* weatherData.json */ = {isa = PBXFileReference; lastKnownFileType = text.json; path = weatherData.json; sourceTree = "<group>"; };
		22401C892756B652000305B0 /* WeatherRow.swift */ = {isa = PBXFileReference; lastKnownFileType = sourcecode.swift; path = WeatherRow.swift; sourceTree = "<group>"; };
		22401C8E2756C47E000305B0 /* Extensions.swift */ = {isa = PBXFileReference; lastKnownFileType = sourcecode.swift; path = Extensions.swift; sourceTree = "<group>"; };
		22401C902756C55C000305B0 /* WelcomeView.swift */ = {isa = PBXFileReference; lastKnownFileType = sourcecode.swift; path = WelcomeView.swift; sourceTree = "<group>"; };
		22401C932756C600000305B0 /* LoadingView.swift */ = {isa = PBXFileReference; lastKnownFileType = sourcecode.swift; path = LoadingView.swift; sourceTree = "<group>"; };
		22675A8F2756988100B1D8A3 /* WeatherManager.swift */ = {isa = PBXFileReference; lastKnownFileType = sourcecode.swift; path = WeatherManager.swift; sourceTree = "<group>"; };
		22B002CA2756862C009EF4A2 /* WeatherApp.app */ = {isa = PBXFileReference; explicitFileType = wrapper.application; includeInIndex = 0; path = WeatherApp.app; sourceTree = BUILT_PRODUCTS_DIR; };
		22B002CD2756862C009EF4A2 /* WeatherAppApp.swift */ = {isa = PBXFileReference; lastKnownFileType = sourcecode.swift; path = WeatherAppApp.swift; sourceTree = "<group>"; };
		22B002CF2756862C009EF4A2 /* ContentView.swift */ = {isa = PBXFileReference; lastKnownFileType = sourcecode.swift; path = ContentView.swift; sourceTree = "<group>"; };
		22B002D12756862D009EF4A2 /* Assets.xcassets */ = {isa = PBXFileReference; lastKnownFileType = folder.assetcatalog; path = Assets.xcassets; sourceTree = "<group>"; };
		22B002D42756862D009EF4A2 /* Preview Assets.xcassets */ = {isa = PBXFileReference; lastKnownFileType = folder.assetcatalog; path = "Preview Assets.xcassets"; sourceTree = "<group>"; };
		22B002DB27568847009EF4A2 /* LocationManager.swift */ = {isa = PBXFileReference; lastKnownFileType = sourcecode.swift; path = LocationManager.swift; sourceTree = "<group>"; };
/* End PBXFileReference section */

/* Begin PBXFrameworksBuildPhase section */
		22B002C72756862C009EF4A2 /* Frameworks */ = {
			isa = PBXFrameworksBuildPhase;
			buildActionMask = 2147483647;
			files = (
			);
			runOnlyForDeploymentPostprocessing = 0;
		};
/* End PBXFrameworksBuildPhase section */

/* Begin PBXGroup section */
		22401C8B2756C446000305B0 /* Components */ = {
			isa = PBXGroup;
			children = (
				22401C892756B652000305B0 /* WeatherRow.swift */,
			);
			path = Components;
			sourceTree = "<group>";
		};
		22401C8C2756C450000305B0 /* Managers */ = {
			isa = PBXGroup;
			children = (
				22B002DB27568847009EF4A2 /* LocationManager.swift */,
				22675A8F2756988100B1D8A3 /* WeatherManager.swift */,
			);
			path = Managers;
			sourceTree = "<group>";
		};
		22401C922756C58D000305B0 /* Views */ = {
			isa = PBXGroup;
			children = (
				22B002CF2756862C009EF4A2 /* ContentView.swift */,
				22401C812756A8FB000305B0 /* WeatherView.swift */,
				22401C902756C55C000305B0 /* WelcomeView.swift */,
				22401C932756C600000305B0 /* LoadingView.swift */,
			);
			path = Views;
			sourceTree = "<group>";
		};
		22B002C12756862C009EF4A2 = {
			isa = PBXGroup;
			children = (
				22B002CC2756862C009EF4A2 /* WeatherApp */,
				22B002CB2756862C009EF4A2 /* Products */,
			);
			sourceTree = "<group>";
		};
		22B002CB2756862C009EF4A2 /* Products */ = {
			isa = PBXGroup;
			children = (
				22B002CA2756862C009EF4A2 /* WeatherApp.app */,
			);
			name = Products;
			sourceTree = "<group>";
		};
		22B002CC2756862C009EF4A2 /* WeatherApp */ = {
			isa = PBXGroup;
			children = (
				22B002CD2756862C009EF4A2 /* WeatherAppApp.swift */,
				22401C922756C58D000305B0 /* Views */,
				22401C8C2756C450000305B0 /* Managers */,
				22401C8B2756C446000305B0 /* Components */,
				22401C8E2756C47E000305B0 /* Extensions.swift */,
				22B002D12756862D009EF4A2 /* Assets.xcassets */,
				22B002D32756862D009EF4A2 /* Preview Content */,
			);
			path = WeatherApp;
			sourceTree = "<group>";
		};
		22B002D32756862D009EF4A2 /* Preview Content */ = {
			isa = PBXGroup;
			children = (
				22401C832756AB8D000305B0 /* ModelData.swift */,
				22401C852756ABD6000305B0 /* weatherData.json */,
				22B002D42756862D009EF4A2 /* Preview Assets.xcassets */,
			);
			path = "Preview Content";
			sourceTree = "<group>";
		};
/* End PBXGroup section */

/* Begin PBXNativeTarget section */
		22B002C92756862C009EF4A2 /* WeatherApp */ = {
			isa = PBXNativeTarget;
			buildConfigurationList = 22B002D82756862D009EF4A2 /* Build configuration list for PBXNativeTarget "WeatherApp" */;
			buildPhases = (
				22B002C62756862C009EF4A2 /* Sources */,
				22B002C72756862C009EF4A2 /* Frameworks */,
				22B002C82756862C009EF4A2 /* Resources */,
			);
			buildRules = (
			);
			dependencies = (
			);
			name = WeatherApp;
			productName = WeatherApp;
			productReference = 22B002CA2756862C009EF4A2 /* WeatherApp.app */;
			productType = "com.apple.product-type.application";
		};
/* End PBXNativeTarget section */

/* Begin PBXProject section */
		22B002C22756862C009EF4A2 /* Project object */ = {
			isa = PBXProject;
			attributes = {
				BuildIndependentTargetsInParallel = 1;
				LastSwiftUpdateCheck = 1310;
				LastUpgradeCheck = 1310;
				TargetAttributes = {
					22B002C92756862C009EF4A2 = {
						CreatedOnToolsVersion = 13.1;
					};
				};
			};
			buildConfigurationList = 22B002C52756862C009EF4A2 /* Build configuration list for PBXProject "WeatherApp" */;
			compatibilityVersion = "Xcode 13.0";
			developmentRegion = en;
			hasScannedForEncodings = 0;
			knownRegions = (
				en,
				Base,
			);
			mainGroup = 22B002C12756862C009EF4A2;
			productRefGroup = 22B002CB2756862C009EF4A2 /* Products */;
			projectDirPath = "";
			projectRoot = "";
			targets = (
				22B002C92756862C009EF4A2 /* WeatherApp */,
			);
		};
/* End PBXProject section */

/* Begin PBXResourcesBuildPhase section */
		22B002C82756862C009EF4A2 /* Resources */ = {
			isa = PBXResourcesBuildPhase;
			buildActionMask = 2147483647;
			files = (
				22B002D52756862D009EF4A2 /* Preview Assets.xcassets in Resources */,
				22401C862756ABD6000305B0 /* weatherData.json in Resources */,
				22B002D22756862D009EF4A2 /* Assets.xcassets in Resources */,
			);
			runOnlyForDeploymentPostprocessing = 0;
		};
/* End PBXResourcesBuildPhase section */

/* Begin PBXSourcesBuildPhase section */
		22B002C62756862C009EF4A2 /* Sources */ = {
			isa = PBXSourcesBuildPhase;
			buildActionMask = 2147483647;
			files = (
				22401C822756A8FB000305B0 /* WeatherView.swift in Sources */,
				22B002D02756862C009EF4A2 /* ContentView.swift in Sources */,
				22401C8A2756B652000305B0 /* WeatherRow.swift in Sources */,
				22401C942756C600000305B0 /* LoadingView.swift in Sources */,
				22401C8F2756C47E000305B0 /* Extensions.swift in Sources */,
				22401C912756C55C000305B0 /* WelcomeView.swift in Sources */,
				22B002CE2756862C009EF4A2 /* WeatherAppApp.swift in Sources */,
				22675A902756988100B1D8A3 /* WeatherManager.swift in Sources */,
				22B002DC27568847009EF4A2 /* LocationManager.swift in Sources */,
				22401C842756AB8D000305B0 /* ModelData.swift in Sources */,
			);
			runOnlyForDeploymentPostprocessing = 0;
		};
/* End PBXSourcesBuildPhase section */

/* Begin XCBuildConfiguration section */
		22B002D62756862D009EF4A2 /* Debug */ = {
			isa = XCBuildConfiguration;
			buildSettings = {
				ALWAYS_SEARCH_USER_PATHS = NO;
				CLANG_ANALYZER_NONNULL = YES;
				CLANG_ANALYZER_NUMBER_OBJECT_CONVERSION = YES_AGGRESSIVE;
				CLANG_CXX_LANGUAGE_STANDARD = "gnu++17";
				CLANG_CXX_LIBRARY = "libc++";
				CLANG_ENABLE_MODULES = YES;
				CLANG_ENABLE_OBJC_ARC = YES;
				CLANG_ENABLE_OBJC_WEAK = YES;
				CLANG_WARN_BLOCK_CAPTURE_AUTORELEASING = YES;
				CLANG_WARN_BOOL_CONVERSION = YES;
				CLANG_WARN_COMMA = YES;
				CLANG_WARN_CONSTANT_CONVERSION = YES;
				CLANG_WARN_DEPRECATED_OBJC_IMPLEMENTATIONS = YES;
				CLANG_WARN_DIRECT_OBJC_ISA_USAGE = YES_ERROR;
				CLANG_WARN_DOCUMENTATION_COMMENTS = YES;
				CLANG_WARN_EMPTY_BODY = YES;
				CLANG_WARN_ENUM_CONVERSION = YES;
				CLANG_WARN_INFINITE_RECURSION = YES;
				CLANG_WARN_INT_CONVERSION = YES;
				CLANG_WARN_NON_LITERAL_NULL_CONVERSION = YES;
				CLANG_WARN_OBJC_IMPLICIT_RETAIN_SELF = YES;
				CLANG_WARN_OBJC_LITERAL_CONVERSION = YES;
				CLANG_WARN_OBJC_ROOT_CLASS = YES_ERROR;
				CLANG_WARN_QUOTED_INCLUDE_IN_FRAMEWORK_HEADER = YES;
				CLANG_WARN_RANGE_LOOP_ANALYSIS = YES;
				CLANG_WARN_STRICT_PROTOTYPES = YES;
				CLANG_WARN_SUSPICIOUS_MOVE = YES;
				CLANG_WARN_UNGUARDED_AVAILABILITY = YES_AGGRESSIVE;
				CLANG_WARN_UNREACHABLE_CODE = YES;
				CLANG_WARN__DUPLICATE_METHOD_MATCH = YES;
				COPY_PHASE_STRIP = NO;
				DEBUG_INFORMATION_FORMAT = dwarf;
				ENABLE_STRICT_OBJC_MSGSEND = YES;
				ENABLE_TESTABILITY = YES;
				GCC_C_LANGUAGE_STANDARD = gnu11;
				GCC_DYNAMIC_NO_PIC = NO;
				GCC_NO_COMMON_BLOCKS = YES;
				GCC_OPTIMIZATION_LEVEL = 0;
				GCC_PREPROCESSOR_DEFINITIONS = (
					"DEBUG=1",
					"$(inherited)",
				);
				GCC_WARN_64_TO_32_BIT_CONVERSION = YES;
				GCC_WARN_ABOUT_RETURN_TYPE = YES_ERROR;
				GCC_WARN_UNDECLARED_SELECTOR = YES;
				GCC_WARN_UNINITIALIZED_AUTOS = YES_AGGRESSIVE;
				GCC_WARN_UNUSED_FUNCTION = YES;
				GCC_WARN_UNUSED_VARIABLE = YES;
				IPHONEOS_DEPLOYMENT_TARGET = 15.0;
				MTL_ENABLE_DEBUG_INFO = INCLUDE_SOURCE;
				MTL_FAST_MATH = YES;
				ONLY_ACTIVE_ARCH = YES;
				SDKROOT = iphoneos;
				SWIFT_ACTIVE_COMPILATION_CONDITIONS = DEBUG;
				SWIFT_OPTIMIZATION_LEVEL = "-Onone";
			};
			name = Debug;
		};
		22B002D72756862D009EF4A2 /* Release */ = {
			isa = XCBuildConfiguration;
			buildSettings = {
				ALWAYS_SEARCH_USER_PATHS = NO;
				CLANG_ANALYZER_NONNULL = YES;
				CLANG_ANALYZER_NUMBER_OBJECT_CONVERSION = YES_AGGRESSIVE;
				CLANG_CXX_LANGUAGE_STANDARD = "gnu++17";
				CLANG_CXX_LIBRARY = "libc++";
				CLANG_ENABLE_MODULES = YES;
				CLANG_ENABLE_OBJC_ARC = YES;
				CLANG_ENABLE_OBJC_WEAK = YES;
				CLANG_WARN_BLOCK_CAPTURE_AUTORELEASING = YES;
				CLANG_WARN_BOOL_CONVERSION = YES;
				CLANG_WARN_COMMA = YES;
				CLANG_WARN_CONSTANT_CONVERSION = YES;
				CLANG_WARN_DEPRECATED_OBJC_IMPLEMENTATIONS = YES;
				CLANG_WARN_DIRECT_OBJC_ISA_USAGE = YES_ERROR;
				CLANG_WARN_DOCUMENTATION_COMMENTS = YES;
				CLANG_WARN_EMPTY_BODY = YES;
				CLANG_WARN_ENUM_CONVERSION = YES;
				CLANG_WARN_INFINITE_RECURSION = YES;
				CLANG_WARN_INT_CONVERSION = YES;
				CLANG_WARN_NON_LITERAL_NULL_CONVERSION = YES;
				CLANG_WARN_OBJC_IMPLICIT_RETAIN_SELF = YES;
				CLANG_WARN_OBJC_LITERAL_CONVERSION = YES;
				CLANG_WARN_OBJC_ROOT_CLASS = YES_ERROR;
				CLANG_WARN_QUOTED_INCLUDE_IN_FRAMEWORK_HEADER = YES;
				CLANG_WARN_RANGE_LOOP_ANALYSIS = YES;
				CLANG_WARN_STRICT_PROTOTYPES = YES;
				CLANG_WARN_SUSPICIOUS_MOVE = YES;
				CLANG_WARN_UNGUARDED_AVAILABILITY = YES_AGGRESSIVE;
				CLANG_WARN_UNREACHABLE_CODE = YES;
				CLANG_WARN__DUPLICATE_METHOD_MATCH = YES;
				COPY_PHASE_STRIP = NO;
				DEBUG_INFORMATION_FORMAT = "dwarf-with-dsym";
				ENABLE_NS_ASSERTIONS = NO;
				ENABLE_STRICT_OBJC_MSGSEND = YES;
				GCC_C_LANGUAGE_STANDARD = gnu11;
				GCC_NO_COMMON_BLOCKS = YES;
				GCC_WARN_64_TO_32_BIT_CONVERSION = YES;
				GCC_WARN_ABOUT_RETURN_TYPE = YES_ERROR;
				GCC_WARN_UNDECLARED_SELECTOR = YES;
				GCC_WARN_UNINITIALIZED_AUTOS = YES_AGGRESSIVE;
				GCC_WARN_UNUSED_FUNCTION = YES;
				GCC_WARN_UNUSED_VARIABLE = YES;
				IPHONEOS_DEPLOYMENT_TARGET = 15.0;
				MTL_ENABLE_DEBUG_INFO = NO;
				MTL_FAST_MATH = YES;
				SDKROOT = iphoneos;
				SWIFT_COMPILATION_MODE = wholemodule;
				SWIFT_OPTIMIZATION_LEVEL = "-O";
				VALIDATE_PRODUCT = YES;
			};
			name = Release;
		};
		22B002D92756862D009EF4A2 /* Debug */ = {
			isa = XCBuildConfiguration;
			buildSettings = {
				ASSETCATALOG_COMPILER_APPICON_NAME = AppIcon;
				ASSETCATALOG_COMPILER_GLOBAL_ACCENT_COLOR_NAME = AccentColor;
				CODE_SIGN_STYLE = Automatic;
				CURRENT_PROJECT_VERSION = 1;
				DEVELOPMENT_ASSET_PATHS = "\"WeatherApp/Preview Content\"";
				DEVELOPMENT_TEAM = 68WS2M23VC;
				ENABLE_PREVIEWS = YES;
				GENERATE_INFOPLIST_FILE = YES;
				INFOPLIST_KEY_UIApplicationSceneManifest_Generation = YES;
				INFOPLIST_KEY_UIApplicationSupportsIndirectInputEvents = YES;
				INFOPLIST_KEY_UILaunchScreen_Generation = YES;
				INFOPLIST_KEY_UISupportedInterfaceOrientations_iPad = "UIInterfaceOrientationPortrait UIInterfaceOrientationPortraitUpsideDown UIInterfaceOrientationLandscapeLeft UIInterfaceOrientationLandscapeRight";
				INFOPLIST_KEY_UISupportedInterfaceOrientations_iPhone = "UIInterfaceOrientationPortrait UIInterfaceOrientationLandscapeLeft UIInterfaceOrientationLandscapeRight";
				IPHONEOS_DEPLOYMENT_TARGET = 15.0;
				LD_RUNPATH_SEARCH_PATHS = (
					"$(inherited)",
					"@executable_path/Frameworks",
				);
				MARKETING_VERSION = 1.0;
				PRODUCT_BUNDLE_IDENTIFIER = io.designcode.WeatherApp;
				PRODUCT_NAME = "$(TARGET_NAME)";
				SWIFT_EMIT_LOC_STRINGS = YES;
				SWIFT_VERSION = 5.0;
				TARGETED_DEVICE_FAMILY = "1,2";
			};
			name = Debug;
		};
		22B002DA2756862D009EF4A2 /* Release */ = {
			isa = XCBuildConfiguration;
			buildSettings = {
				ASSETCATALOG_COMPILER_APPICON_NAME = AppIcon;
				ASSETCATALOG_COMPILER_GLOBAL_ACCENT_COLOR_NAME = AccentColor;
				CODE_SIGN_STYLE = Automatic;
				CURRENT_PROJECT_VERSION = 1;
				DEVELOPMENT_ASSET_PATHS = "\"WeatherApp/Preview Content\"";
				DEVELOPMENT_TEAM = 68WS2M23VC;
				ENABLE_PREVIEWS = YES;
				GENERATE_INFOPLIST_FILE = YES;
				INFOPLIST_KEY_UIApplicationSceneManifest_Generation = YES;
				INFOPLIST_KEY_UIApplicationSupportsIndirectInputEvents = YES;
				INFOPLIST_KEY_UILaunchScreen_Generation = YES;
				INFOPLIST_KEY_UISupportedInterfaceOrientations_iPad = "UIInterfaceOrientationPortrait UIInterfaceOrientationPortraitUpsideDown UIInterfaceOrientationLandscapeLeft UIInterfaceOrientationLandscapeRight";
				INFOPLIST_KEY_UISupportedInterfaceOrientations_iPhone = "UIInterfaceOrientationPortrait UIInterfaceOrientationLandscapeLeft UIInterfaceOrientationLandscapeRight";
				IPHONEOS_DEPLOYMENT_TARGET = 15.0;
				LD_RUNPATH_SEARCH_PATHS = (
					"$(inherited)",
					"@executable_path/Frameworks",
				);
				MARKETING_VERSION = 1.0;
				PRODUCT_BUNDLE_IDENTIFIER = io.designcode.WeatherApp;
				PRODUCT_NAME = "$(TARGET_NAME)";
				SWIFT_EMIT_LOC_STRINGS = YES;
				SWIFT_VERSION = 5.0;
				TARGETED_DEVICE_FAMILY = "1,2";
			};
			name = Release;
		};
/* End XCBuildConfiguration section */

/* Begin XCConfigurationList section */
		22B002C52756862C009EF4A2 /* Build configuration list for PBXProject "WeatherApp" */ = {
			isa = XCConfigurationList;
			buildConfigurations = (
				22B002D62756862D009EF4A2 /* Debug */,
				22B002D72756862D009EF4A2 /* Release */,
			);
			defaultConfigurationIsVisible = 0;
			defaultConfigurationName = Release;
		};
		22B002D82756862D009EF4A2 /* Build configuration list for PBXNativeTarget "WeatherApp" */ = {
			isa = XCConfigurationList;
			buildConfigurations = (
				22B002D92756862D009EF4A2 /* Debug */,
				22B002DA2756862D009EF4A2 /* Release */,
			);
			defaultConfigurationIsVisible = 0;
			defaultConfigurationName = Release;
		};
/* End XCConfigurationList section */
	};
	rootObject = 22B002C22756862C009EF4A2 /* Project object */;
}
